// !$*UTF8*$!
{
	archiveVersion = 1;
	classes = {
	};
	objectVersion = 46;
	objects = {

/* Begin PBXBuildFile section */
		339379A01B080C0A003A722D /* AppDelegate.swift in Sources */ = {isa = PBXBuildFile; fileRef = 3393799F1B080C0A003A722D /* AppDelegate.swift */; };
		339379A21B080C0A003A722D /* ViewController.swift in Sources */ = {isa = PBXBuildFile; fileRef = 339379A11B080C0A003A722D /* ViewController.swift */; };
		339379A51B080C0A003A722D /* Main.storyboard in Resources */ = {isa = PBXBuildFile; fileRef = 339379A31B080C0A003A722D /* Main.storyboard */; };
		339379A71B080C0A003A722D /* Images.xcassets in Resources */ = {isa = PBXBuildFile; fileRef = 339379A61B080C0A003A722D /* Images.xcassets */; };
		339379AA1B080C0A003A722D /* LaunchScreen.xib in Resources */ = {isa = PBXBuildFile; fileRef = 339379A81B080C0A003A722D /* LaunchScreen.xib */; };
		339379B61B080C0A003A722D /* BarcodeScanningTests.swift in Sources */ = {isa = PBXBuildFile; fileRef = 339379B51B080C0A003A722D /* BarcodeScanningTests.swift */; };
		3AE2C4E01DF90AAB0081F19E /* AddressEntryTableViewController.swift in Sources */ = {isa = PBXBuildFile; fileRef = 3AE2C4DF1DF90AAB0081F19E /* AddressEntryTableViewController.swift */; };
		3AE2C4E21DF90B980081F19E /* ShippingTableViewController.swift in Sources */ = {isa = PBXBuildFile; fileRef = 3AE2C4E11DF90B980081F19E /* ShippingTableViewController.swift */; };
		3AE2C4E41DF90BF60081F19E /* PaymentViewController.swift in Sources */ = {isa = PBXBuildFile; fileRef = 3AE2C4E31DF90BF60081F19E /* PaymentViewController.swift */; };
		B12E7AD51DF66D2E0072B31D /* ProductViewController.swift in Sources */ = {isa = PBXBuildFile; fileRef = B12E7AD31DF66D2E0072B31D /* ProductViewController.swift */; };
		B12E7AD61DF66D2E0072B31D /* ProductViewController.xib in Resources */ = {isa = PBXBuildFile; fileRef = B12E7AD41DF66D2E0072B31D /* ProductViewController.xib */; };
		B164CB801DF9178F0053FDA4 /* SwiftSpinner.swift in Sources */ = {isa = PBXBuildFile; fileRef = B164CB7F1DF9178F0053FDA4 /* SwiftSpinner.swift */; };
		B17648D11DF658C2007A4F84 /* CartViewController.swift in Sources */ = {isa = PBXBuildFile; fileRef = B17648CF1DF658C2007A4F84 /* CartViewController.swift */; };
		B17648D21DF658C2007A4F84 /* CartViewController.xib in Resources */ = {isa = PBXBuildFile; fileRef = B17648D01DF658C2007A4F84 /* CartViewController.xib */; };
		B1D098F41DF7904C007EDA01 /* Podfile in Resources */ = {isa = PBXBuildFile; fileRef = B1D098F31DF7904C007EDA01 /* Podfile */; };
		C4AA0C6A64F5748445233A94 /* Pods_BarcodeScanning.framework in Frameworks */ = {isa = PBXBuildFile; fileRef = E02C5294E0DCFC320B149744 /* Pods_BarcodeScanning.framework */; };
/* End PBXBuildFile section */

/* Begin PBXContainerItemProxy section */
		339379B01B080C0A003A722D /* PBXContainerItemProxy */ = {
			isa = PBXContainerItemProxy;
			containerPortal = 339379921B080C0A003A722D /* Project object */;
			proxyType = 1;
			remoteGlobalIDString = 339379991B080C0A003A722D;
			remoteInfo = BarcodeScanning;
		};
/* End PBXContainerItemProxy section */

/* Begin PBXFileReference section */
		0C669496DCE223F1DAA836AC /* Pods-BarcodeScanning.release.xcconfig */ = {isa = PBXFileReference; includeInIndex = 1; lastKnownFileType = text.xcconfig; name = "Pods-BarcodeScanning.release.xcconfig"; path = "Pods/Target Support Files/Pods-BarcodeScanning/Pods-BarcodeScanning.release.xcconfig"; sourceTree = "<group>"; };
		1BB2F56ED719CC0DD7B8E90B /* Pods-BarcodeScanning.debug.xcconfig */ = {isa = PBXFileReference; includeInIndex = 1; lastKnownFileType = text.xcconfig; name = "Pods-BarcodeScanning.debug.xcconfig"; path = "Pods/Target Support Files/Pods-BarcodeScanning/Pods-BarcodeScanning.debug.xcconfig"; sourceTree = "<group>"; };
		3393799A1B080C0A003A722D /* BarcodeScanning.app */ = {isa = PBXFileReference; explicitFileType = wrapper.application; includeInIndex = 0; path = BarcodeScanning.app; sourceTree = BUILT_PRODUCTS_DIR; };
		3393799E1B080C0A003A722D /* Info.plist */ = {isa = PBXFileReference; lastKnownFileType = text.plist.xml; path = Info.plist; sourceTree = "<group>"; };
		3393799F1B080C0A003A722D /* AppDelegate.swift */ = {isa = PBXFileReference; lastKnownFileType = sourcecode.swift; path = AppDelegate.swift; sourceTree = "<group>"; };
		339379A11B080C0A003A722D /* ViewController.swift */ = {isa = PBXFileReference; lastKnownFileType = sourcecode.swift; path = ViewController.swift; sourceTree = "<group>"; };
		339379A41B080C0A003A722D /* Base */ = {isa = PBXFileReference; lastKnownFileType = file.storyboard; name = Base; path = Base.lproj/Main.storyboard; sourceTree = "<group>"; };
		339379A61B080C0A003A722D /* Images.xcassets */ = {isa = PBXFileReference; lastKnownFileType = folder.assetcatalog; path = Images.xcassets; sourceTree = "<group>"; };
		339379A91B080C0A003A722D /* Base */ = {isa = PBXFileReference; lastKnownFileType = file.xib; name = Base; path = Base.lproj/LaunchScreen.xib; sourceTree = "<group>"; };
		339379AF1B080C0A003A722D /* BarcodeScanningTests.xctest */ = {isa = PBXFileReference; explicitFileType = wrapper.cfbundle; includeInIndex = 0; path = BarcodeScanningTests.xctest; sourceTree = BUILT_PRODUCTS_DIR; };
		339379B41B080C0A003A722D /* Info.plist */ = {isa = PBXFileReference; lastKnownFileType = text.plist.xml; path = Info.plist; sourceTree = "<group>"; };
		339379B51B080C0A003A722D /* BarcodeScanningTests.swift */ = {isa = PBXFileReference; lastKnownFileType = sourcecode.swift; path = BarcodeScanningTests.swift; sourceTree = "<group>"; };
		3AE2C4DF1DF90AAB0081F19E /* AddressEntryTableViewController.swift */ = {isa = PBXFileReference; fileEncoding = 4; lastKnownFileType = sourcecode.swift; path = AddressEntryTableViewController.swift; sourceTree = "<group>"; };
		3AE2C4E11DF90B980081F19E /* ShippingTableViewController.swift */ = {isa = PBXFileReference; fileEncoding = 4; lastKnownFileType = sourcecode.swift; path = ShippingTableViewController.swift; sourceTree = "<group>"; };
		3AE2C4E31DF90BF60081F19E /* PaymentViewController.swift */ = {isa = PBXFileReference; fileEncoding = 4; lastKnownFileType = sourcecode.swift; path = PaymentViewController.swift; sourceTree = "<group>"; };
		B12E7AD31DF66D2E0072B31D /* ProductViewController.swift */ = {isa = PBXFileReference; fileEncoding = 4; lastKnownFileType = sourcecode.swift; path = ProductViewController.swift; sourceTree = "<group>"; };
		B12E7AD41DF66D2E0072B31D /* ProductViewController.xib */ = {isa = PBXFileReference; fileEncoding = 4; lastKnownFileType = file.xib; path = ProductViewController.xib; sourceTree = "<group>"; };
		B164CB7F1DF9178F0053FDA4 /* SwiftSpinner.swift */ = {isa = PBXFileReference; fileEncoding = 4; lastKnownFileType = sourcecode.swift; path = SwiftSpinner.swift; sourceTree = "<group>"; };
		B17648CF1DF658C2007A4F84 /* CartViewController.swift */ = {isa = PBXFileReference; fileEncoding = 4; lastKnownFileType = sourcecode.swift; path = CartViewController.swift; sourceTree = "<group>"; };
		B17648D01DF658C2007A4F84 /* CartViewController.xib */ = {isa = PBXFileReference; fileEncoding = 4; lastKnownFileType = file.xib; path = CartViewController.xib; sourceTree = "<group>"; };
		B1D098F31DF7904C007EDA01 /* Podfile */ = {isa = PBXFileReference; fileEncoding = 4; lastKnownFileType = text; path = Podfile; sourceTree = SOURCE_ROOT; xcLanguageSpecificationIdentifier = xcode.lang.ruby; };
		E02C5294E0DCFC320B149744 /* Pods_BarcodeScanning.framework */ = {isa = PBXFileReference; explicitFileType = wrapper.framework; includeInIndex = 0; path = Pods_BarcodeScanning.framework; sourceTree = BUILT_PRODUCTS_DIR; };
/* End PBXFileReference section */

/* Begin PBXFrameworksBuildPhase section */
		339379971B080C0A003A722D /* Frameworks */ = {
			isa = PBXFrameworksBuildPhase;
			buildActionMask = 2147483647;
			files = (
				C4AA0C6A64F5748445233A94 /* Pods_BarcodeScanning.framework in Frameworks */,
			);
			runOnlyForDeploymentPostprocessing = 0;
		};
		339379AC1B080C0A003A722D /* Frameworks */ = {
			isa = PBXFrameworksBuildPhase;
			buildActionMask = 2147483647;
			files = (
			);
			runOnlyForDeploymentPostprocessing = 0;
		};
/* End PBXFrameworksBuildPhase section */

/* Begin PBXGroup section */
		339379911B080C0A003A722D = {
			isa = PBXGroup;
			children = (
				3393799C1B080C0A003A722D /* BarcodeScanning */,
				339379B21B080C0A003A722D /* BarcodeScanningTests */,
				3393799B1B080C0A003A722D /* Products */,
				BF55B1C904AD9324A3391E01 /* Pods */,
				D9C3AB081BEC5784194DCAD7 /* Frameworks */,
			);
			sourceTree = "<group>";
		};
		3393799B1B080C0A003A722D /* Products */ = {
			isa = PBXGroup;
			children = (
				3393799A1B080C0A003A722D /* BarcodeScanning.app */,
				339379AF1B080C0A003A722D /* BarcodeScanningTests.xctest */,
			);
			name = Products;
			sourceTree = "<group>";
		};
		3393799C1B080C0A003A722D /* BarcodeScanning */ = {
			isa = PBXGroup;
			children = (
				3393799F1B080C0A003A722D /* AppDelegate.swift */,
				339379A11B080C0A003A722D /* ViewController.swift */,
				339379A31B080C0A003A722D /* Main.storyboard */,
				B17648CF1DF658C2007A4F84 /* CartViewController.swift */,
				3AE2C4DF1DF90AAB0081F19E /* AddressEntryTableViewController.swift */,
				3AE2C4E11DF90B980081F19E /* ShippingTableViewController.swift */,
				3AE2C4E31DF90BF60081F19E /* PaymentViewController.swift */,
				B17648D01DF658C2007A4F84 /* CartViewController.xib */,
				B12E7AD31DF66D2E0072B31D /* ProductViewController.swift */,
				B12E7AD41DF66D2E0072B31D /* ProductViewController.xib */,
				B1D098F31DF7904C007EDA01 /* Podfile */,
				339379A61B080C0A003A722D /* Images.xcassets */,
				339379A81B080C0A003A722D /* LaunchScreen.xib */,
				3393799D1B080C0A003A722D /* Supporting Files */,
			);
			path = BarcodeScanning;
			sourceTree = "<group>";
		};
		3393799D1B080C0A003A722D /* Supporting Files */ = {
			isa = PBXGroup;
			children = (
				B164CB7F1DF9178F0053FDA4 /* SwiftSpinner.swift */,
				3393799E1B080C0A003A722D /* Info.plist */,
			);
			name = "Supporting Files";
			sourceTree = "<group>";
		};
		339379B21B080C0A003A722D /* BarcodeScanningTests */ = {
			isa = PBXGroup;
			children = (
				339379B51B080C0A003A722D /* BarcodeScanningTests.swift */,
				339379B31B080C0A003A722D /* Supporting Files */,
			);
			path = BarcodeScanningTests;
			sourceTree = "<group>";
		};
		339379B31B080C0A003A722D /* Supporting Files */ = {
			isa = PBXGroup;
			children = (
				339379B41B080C0A003A722D /* Info.plist */,
			);
			name = "Supporting Files";
			sourceTree = "<group>";
		};
		BF55B1C904AD9324A3391E01 /* Pods */ = {
			isa = PBXGroup;
			children = (
				1BB2F56ED719CC0DD7B8E90B /* Pods-BarcodeScanning.debug.xcconfig */,
				0C669496DCE223F1DAA836AC /* Pods-BarcodeScanning.release.xcconfig */,
			);
			name = Pods;
			sourceTree = "<group>";
		};
		D9C3AB081BEC5784194DCAD7 /* Frameworks */ = {
			isa = PBXGroup;
			children = (
				E02C5294E0DCFC320B149744 /* Pods_BarcodeScanning.framework */,
			);
			name = Frameworks;
			sourceTree = "<group>";
		};
/* End PBXGroup section */

/* Begin PBXNativeTarget section */
		339379991B080C0A003A722D /* BarcodeScanning */ = {
			isa = PBXNativeTarget;
			buildConfigurationList = 339379B91B080C0A003A722D /* Build configuration list for PBXNativeTarget "BarcodeScanning" */;
			buildPhases = (
				452A31381C9D5661494A6A5A /* [CP] Check Pods Manifest.lock */,
				339379961B080C0A003A722D /* Sources */,
				339379971B080C0A003A722D /* Frameworks */,
				339379981B080C0A003A722D /* Resources */,
				FB94E57140DDFE7C44ADCE1C /* [CP] Embed Pods Frameworks */,
				2FF5FBF1F4A976312E5F8BD2 /* [CP] Copy Pods Resources */,
			);
			buildRules = (
			);
			dependencies = (
			);
			name = BarcodeScanning;
			productName = BarcodeScanning;
			productReference = 3393799A1B080C0A003A722D /* BarcodeScanning.app */;
			productType = "com.apple.product-type.application";
		};
		339379AE1B080C0A003A722D /* BarcodeScanningTests */ = {
			isa = PBXNativeTarget;
			buildConfigurationList = 339379BC1B080C0A003A722D /* Build configuration list for PBXNativeTarget "BarcodeScanningTests" */;
			buildPhases = (
				339379AB1B080C0A003A722D /* Sources */,
				339379AC1B080C0A003A722D /* Frameworks */,
				339379AD1B080C0A003A722D /* Resources */,
			);
			buildRules = (
			);
			dependencies = (
				339379B11B080C0A003A722D /* PBXTargetDependency */,
			);
			name = BarcodeScanningTests;
			productName = BarcodeScanningTests;
			productReference = 339379AF1B080C0A003A722D /* BarcodeScanningTests.xctest */;
			productType = "com.apple.product-type.bundle.unit-test";
		};
/* End PBXNativeTarget section */

/* Begin PBXProject section */
		339379921B080C0A003A722D /* Project object */ = {
			isa = PBXProject;
			attributes = {
				LastUpgradeCheck = 0810;
				ORGANIZATIONNAME = Acropay;
				TargetAttributes = {
					339379991B080C0A003A722D = {
						CreatedOnToolsVersion = 6.3.1;
						DevelopmentTeam = 7DUQYR6N65;
						LastSwiftMigration = 0810;
						ProvisioningStyle = Automatic;
					};
					339379AE1B080C0A003A722D = {
						CreatedOnToolsVersion = 6.3.1;
						DevelopmentTeam = 7DUQYR6N65;
						LastSwiftMigration = 0810;
						ProvisioningStyle = Manual;
						TestTargetID = 339379991B080C0A003A722D;
					};
				};
			};
			buildConfigurationList = 339379951B080C0A003A722D /* Build configuration list for PBXProject "BarcodeScanning" */;
			compatibilityVersion = "Xcode 3.2";
			developmentRegion = English;
			hasScannedForEncodings = 0;
			knownRegions = (
				en,
				Base,
			);
			mainGroup = 339379911B080C0A003A722D;
			productRefGroup = 3393799B1B080C0A003A722D /* Products */;
			projectDirPath = "";
			projectRoot = "";
			targets = (
				339379991B080C0A003A722D /* BarcodeScanning */,
				339379AE1B080C0A003A722D /* BarcodeScanningTests */,
			);
		};
/* End PBXProject section */

/* Begin PBXResourcesBuildPhase section */
		339379981B080C0A003A722D /* Resources */ = {
			isa = PBXResourcesBuildPhase;
			buildActionMask = 2147483647;
			files = (
				B1D098F41DF7904C007EDA01 /* Podfile in Resources */,
				B17648D21DF658C2007A4F84 /* CartViewController.xib in Resources */,
				339379A51B080C0A003A722D /* Main.storyboard in Resources */,
				339379AA1B080C0A003A722D /* LaunchScreen.xib in Resources */,
				339379A71B080C0A003A722D /* Images.xcassets in Resources */,
				B12E7AD61DF66D2E0072B31D /* ProductViewController.xib in Resources */,
			);
			runOnlyForDeploymentPostprocessing = 0;
		};
		339379AD1B080C0A003A722D /* Resources */ = {
			isa = PBXResourcesBuildPhase;
			buildActionMask = 2147483647;
			files = (
			);
			runOnlyForDeploymentPostprocessing = 0;
		};
/* End PBXResourcesBuildPhase section */

/* Begin PBXShellScriptBuildPhase section */
		2FF5FBF1F4A976312E5F8BD2 /* [CP] Copy Pods Resources */ = {
			isa = PBXShellScriptBuildPhase;
			buildActionMask = 2147483647;
			files = (
			);
			inputPaths = (
			);
			name = "[CP] Copy Pods Resources";
			outputPaths = (
			);
			runOnlyForDeploymentPostprocessing = 0;
			shellPath = /bin/sh;
			shellScript = "\"${SRCROOT}/Pods/Target Support Files/Pods-BarcodeScanning/Pods-BarcodeScanning-resources.sh\"\n";
			showEnvVarsInLog = 0;
		};
		452A31381C9D5661494A6A5A /* [CP] Check Pods Manifest.lock */ = {
			isa = PBXShellScriptBuildPhase;
			buildActionMask = 2147483647;
			files = (
			);
			inputPaths = (
			);
			name = "[CP] Check Pods Manifest.lock";
			outputPaths = (
			);
			runOnlyForDeploymentPostprocessing = 0;
			shellPath = /bin/sh;
			shellScript = "diff \"${PODS_ROOT}/../Podfile.lock\" \"${PODS_ROOT}/Manifest.lock\" > /dev/null\nif [ $? != 0 ] ; then\n    # print error to STDERR\n    echo \"error: The sandbox is not in sync with the Podfile.lock. Run 'pod install' or update your CocoaPods installation.\" >&2\n    exit 1\nfi\n";
			showEnvVarsInLog = 0;
		};
		FB94E57140DDFE7C44ADCE1C /* [CP] Embed Pods Frameworks */ = {
			isa = PBXShellScriptBuildPhase;
			buildActionMask = 2147483647;
			files = (
			);
			inputPaths = (
			);
			name = "[CP] Embed Pods Frameworks";
			outputPaths = (
			);
			runOnlyForDeploymentPostprocessing = 0;
			shellPath = /bin/sh;
			shellScript = "\"${SRCROOT}/Pods/Target Support Files/Pods-BarcodeScanning/Pods-BarcodeScanning-frameworks.sh\"\n";
			showEnvVarsInLog = 0;
		};
/* End PBXShellScriptBuildPhase section */

/* Begin PBXSourcesBuildPhase section */
		339379961B080C0A003A722D /* Sources */ = {
			isa = PBXSourcesBuildPhase;
			buildActionMask = 2147483647;
			files = (
				3AE2C4E41DF90BF60081F19E /* PaymentViewController.swift in Sources */,
				B164CB801DF9178F0053FDA4 /* SwiftSpinner.swift in Sources */,
				339379A21B080C0A003A722D /* ViewController.swift in Sources */,
				B17648D11DF658C2007A4F84 /* CartViewController.swift in Sources */,
				B12E7AD51DF66D2E0072B31D /* ProductViewController.swift in Sources */,
				3AE2C4E21DF90B980081F19E /* ShippingTableViewController.swift in Sources */,
				3AE2C4E01DF90AAB0081F19E /* AddressEntryTableViewController.swift in Sources */,
				339379A01B080C0A003A722D /* AppDelegate.swift in Sources */,
			);
			runOnlyForDeploymentPostprocessing = 0;
		};
		339379AB1B080C0A003A722D /* Sources */ = {
			isa = PBXSourcesBuildPhase;
			buildActionMask = 2147483647;
			files = (
				339379B61B080C0A003A722D /* BarcodeScanningTests.swift in Sources */,
			);
			runOnlyForDeploymentPostprocessing = 0;
		};
/* End PBXSourcesBuildPhase section */

/* Begin PBXTargetDependency section */
		339379B11B080C0A003A722D /* PBXTargetDependency */ = {
			isa = PBXTargetDependency;
			target = 339379991B080C0A003A722D /* BarcodeScanning */;
			targetProxy = 339379B01B080C0A003A722D /* PBXContainerItemProxy */;
		};
/* End PBXTargetDependency section */

/* Begin PBXVariantGroup section */
		339379A31B080C0A003A722D /* Main.storyboard */ = {
			isa = PBXVariantGroup;
			children = (
				339379A41B080C0A003A722D /* Base */,
			);
			name = Main.storyboard;
			sourceTree = "<group>";
		};
		339379A81B080C0A003A722D /* LaunchScreen.xib */ = {
			isa = PBXVariantGroup;
			children = (
				339379A91B080C0A003A722D /* Base */,
			);
			name = LaunchScreen.xib;
			sourceTree = "<group>";
		};
/* End PBXVariantGroup section */

/* Begin XCBuildConfiguration section */
		339379B71B080C0A003A722D /* Debug */ = {
			isa = XCBuildConfiguration;
			buildSettings = {
				ALWAYS_SEARCH_USER_PATHS = NO;
				CLANG_CXX_LANGUAGE_STANDARD = "gnu++0x";
				CLANG_CXX_LIBRARY = "libc++";
				CLANG_ENABLE_MODULES = YES;
				CLANG_ENABLE_OBJC_ARC = YES;
				CLANG_WARN_BOOL_CONVERSION = YES;
				CLANG_WARN_CONSTANT_CONVERSION = YES;
				CLANG_WARN_DIRECT_OBJC_ISA_USAGE = YES_ERROR;
				CLANG_WARN_EMPTY_BODY = YES;
				CLANG_WARN_ENUM_CONVERSION = YES;
				CLANG_WARN_INFINITE_RECURSION = YES;
				CLANG_WARN_INT_CONVERSION = YES;
				CLANG_WARN_OBJC_ROOT_CLASS = YES_ERROR;
				CLANG_WARN_SUSPICIOUS_MOVE = YES;
				CLANG_WARN_UNREACHABLE_CODE = YES;
				CLANG_WARN__DUPLICATE_METHOD_MATCH = YES;
				"CODE_SIGN_IDENTITY[sdk=iphoneos*]" = "iPhone Developer";
				COPY_PHASE_STRIP = NO;
				DEBUG_INFORMATION_FORMAT = "dwarf-with-dsym";
				ENABLE_STRICT_OBJC_MSGSEND = YES;
				ENABLE_TESTABILITY = YES;
				GCC_C_LANGUAGE_STANDARD = gnu99;
				GCC_DYNAMIC_NO_PIC = NO;
				GCC_NO_COMMON_BLOCKS = YES;
				GCC_OPTIMIZATION_LEVEL = 0;
				GCC_PREPROCESSOR_DEFINITIONS = (
					"DEBUG=1",
					"$(inherited)",
				);
				GCC_SYMBOLS_PRIVATE_EXTERN = NO;
				GCC_WARN_64_TO_32_BIT_CONVERSION = YES;
				GCC_WARN_ABOUT_RETURN_TYPE = YES_ERROR;
				GCC_WARN_UNDECLARED_SELECTOR = YES;
				GCC_WARN_UNINITIALIZED_AUTOS = YES_AGGRESSIVE;
				GCC_WARN_UNUSED_FUNCTION = YES;
				GCC_WARN_UNUSED_VARIABLE = YES;
				IPHONEOS_DEPLOYMENT_TARGET = 8.1;
				MTL_ENABLE_DEBUG_INFO = YES;
				ONLY_ACTIVE_ARCH = YES;
				SDKROOT = iphoneos;
				SWIFT_OPTIMIZATION_LEVEL = "-Onone";
			};
			name = Debug;
		};
		339379B81B080C0A003A722D /* Release */ = {
			isa = XCBuildConfiguration;
			buildSettings = {
				ALWAYS_SEARCH_USER_PATHS = NO;
				CLANG_CXX_LANGUAGE_STANDARD = "gnu++0x";
				CLANG_CXX_LIBRARY = "libc++";
				CLANG_ENABLE_MODULES = YES;
				CLANG_ENABLE_OBJC_ARC = YES;
				CLANG_WARN_BOOL_CONVERSION = YES;
				CLANG_WARN_CONSTANT_CONVERSION = YES;
				CLANG_WARN_DIRECT_OBJC_ISA_USAGE = YES_ERROR;
				CLANG_WARN_EMPTY_BODY = YES;
				CLANG_WARN_ENUM_CONVERSION = YES;
				CLANG_WARN_INFINITE_RECURSION = YES;
				CLANG_WARN_INT_CONVERSION = YES;
				CLANG_WARN_OBJC_ROOT_CLASS = YES_ERROR;
				CLANG_WARN_SUSPICIOUS_MOVE = YES;
				CLANG_WARN_UNREACHABLE_CODE = YES;
				CLANG_WARN__DUPLICATE_METHOD_MATCH = YES;
				"CODE_SIGN_IDENTITY[sdk=iphoneos*]" = "iPhone Developer";
				COPY_PHASE_STRIP = NO;
				DEBUG_INFORMATION_FORMAT = "dwarf-with-dsym";
				ENABLE_NS_ASSERTIONS = NO;
				ENABLE_STRICT_OBJC_MSGSEND = YES;
				GCC_C_LANGUAGE_STANDARD = gnu99;
				GCC_NO_COMMON_BLOCKS = YES;
				GCC_WARN_64_TO_32_BIT_CONVERSION = YES;
				GCC_WARN_ABOUT_RETURN_TYPE = YES_ERROR;
				GCC_WARN_UNDECLARED_SELECTOR = YES;
				GCC_WARN_UNINITIALIZED_AUTOS = YES_AGGRESSIVE;
				GCC_WARN_UNUSED_FUNCTION = YES;
				GCC_WARN_UNUSED_VARIABLE = YES;
				IPHONEOS_DEPLOYMENT_TARGET = 8.1;
				MTL_ENABLE_DEBUG_INFO = NO;
				SDKROOT = iphoneos;
				SWIFT_OPTIMIZATION_LEVEL = "-Owholemodule";
				VALIDATE_PRODUCT = YES;
			};
			name = Release;
		};
		339379BA1B080C0A003A722D /* Debug */ = {
			isa = XCBuildConfiguration;
			baseConfigurationReference = 1BB2F56ED719CC0DD7B8E90B /* Pods-BarcodeScanning.debug.xcconfig */;
			buildSettings = {
				ASSETCATALOG_COMPILER_APPICON_NAME = AppIcon;
				"CODE_SIGN_IDENTITY[sdk=iphoneos*]" = "iPhone Developer";
				DEVELOPMENT_TEAM = 7DUQYR6N65;
				INFOPLIST_FILE = BarcodeScanning/Info.plist;
				LD_RUNPATH_SEARCH_PATHS = "$(inherited) @executable_path/Frameworks";
				PRODUCT_BUNDLE_IDENTIFIER = com.sharma.acropay;
				PRODUCT_NAME = "$(TARGET_NAME)";
				SWIFT_VERSION = 3.0;
			};
			name = Debug;
		};
		339379BB1B080C0A003A722D /* Release */ = {
			isa = XCBuildConfiguration;
			baseConfigurationReference = 0C669496DCE223F1DAA836AC /* Pods-BarcodeScanning.release.xcconfig */;
			buildSettings = {
				ASSETCATALOG_COMPILER_APPICON_NAME = AppIcon;
				"CODE_SIGN_IDENTITY[sdk=iphoneos*]" = "iPhone Developer";
				DEVELOPMENT_TEAM = 7DUQYR6N65;
				INFOPLIST_FILE = BarcodeScanning/Info.plist;
				LD_RUNPATH_SEARCH_PATHS = "$(inherited) @executable_path/Frameworks";
				PRODUCT_BUNDLE_IDENTIFIER = com.sharma.acropay;
				PRODUCT_NAME = "$(TARGET_NAME)";
				SWIFT_VERSION = 3.0;
			};
			name = Release;
		};
		339379BD1B080C0A003A722D /* Debug */ = {
			isa = XCBuildConfiguration;
			buildSettings = {
				BUNDLE_LOADER = "$(TEST_HOST)";
				DEVELOPMENT_TEAM = 7DUQYR6N65;
				FRAMEWORK_SEARCH_PATHS = (
					"$(SDKROOT)/Developer/Library/Frameworks",
					"$(inherited)",
				);
				GCC_PREPROCESSOR_DEFINITIONS = (
					"DEBUG=1",
					"$(inherited)",
				);
				INFOPLIST_FILE = BarcodeScanningTests/Info.plist;
				LD_RUNPATH_SEARCH_PATHS = "$(inherited) @executable_path/Frameworks @loader_path/Frameworks";
				PRODUCT_BUNDLE_IDENTIFIER = "Dreaming-In-Binary-LLC.$(PRODUCT_NAME:rfc1034identifier)";
				PRODUCT_NAME = "$(TARGET_NAME)";
				SWIFT_VERSION = 3.0;
				TEST_HOST = "$(BUILT_PRODUCTS_DIR)/BarcodeScanning.app/BarcodeScanning";
			};
			name = Debug;
		};
		339379BE1B080C0A003A722D /* Release */ = {
			isa = XCBuildConfiguration;
			buildSettings = {
				BUNDLE_LOADER = "$(TEST_HOST)";
				DEVELOPMENT_TEAM = 7DUQYR6N65;
				FRAMEWORK_SEARCH_PATHS = (
					"$(SDKROOT)/Developer/Library/Frameworks",
					"$(inherited)",
				);
				INFOPLIST_FILE = BarcodeScanningTests/Info.plist;
				LD_RUNPATH_SEARCH_PATHS = "$(inherited) @executable_path/Frameworks @loader_path/Frameworks";
				PRODUCT_BUNDLE_IDENTIFIER = "Dreaming-In-Binary-LLC.$(PRODUCT_NAME:rfc1034identifier)";
				PRODUCT_NAME = "$(TARGET_NAME)";
				SWIFT_VERSION = 3.0;
				TEST_HOST = "$(BUILT_PRODUCTS_DIR)/BarcodeScanning.app/BarcodeScanning";
			};
			name = Release;
		};
/* End XCBuildConfiguration section */

/* Begin XCConfigurationList section */
		339379951B080C0A003A722D /* Build configuration list for PBXProject "BarcodeScanning" */ = {
			isa = XCConfigurationList;
			buildConfigurations = (
				339379B71B080C0A003A722D /* Debug */,
				339379B81B080C0A003A722D /* Release */,
			);
			defaultConfigurationIsVisible = 0;
			defaultConfigurationName = Release;
		};
		339379B91B080C0A003A722D /* Build configuration list for PBXNativeTarget "BarcodeScanning" */ = {
			isa = XCConfigurationList;
			buildConfigurations = (
				339379BA1B080C0A003A722D /* Debug */,
				339379BB1B080C0A003A722D /* Release */,
			);
			defaultConfigurationIsVisible = 0;
			defaultConfigurationName = Release;
		};
		339379BC1B080C0A003A722D /* Build configuration list for PBXNativeTarget "BarcodeScanningTests" */ = {
			isa = XCConfigurationList;
			buildConfigurations = (
				339379BD1B080C0A003A722D /* Debug */,
				339379BE1B080C0A003A722D /* Release */,
			);
			defaultConfigurationIsVisible = 0;
			defaultConfigurationName = Release;
		};
/* End XCConfigurationList section */
	};
	rootObject = 339379921B080C0A003A722D /* Project object */;
}
